{
  "name": "proyecto",
  "lockfileVersion": 3,
  "requires": true,
  "packages": {
    "": {
      "dependencies": {
        "opensearch": "^0.0.3"
      }
    },
    "node_modules/buffer-concat": {
      "version": "0.0.1",
      "resolved": "https://registry.npmjs.org/buffer-concat/-/buffer-concat-0.0.1.tgz",
      "integrity": "sha512-6ok53HK8/0FZv4YgitoFhIRXuP0jfsKdpZn2qA6oqVt68fBI5cc9w29Pw2oVpjHGJ1Zr7IFxNNPx75icmtTpxw=="
    },
    "node_modules/debug": {
      "version": "0.7.4",
      "resolved": "https://registry.npmjs.org/debug/-/debug-0.7.4.tgz",
      "integrity": "sha512-EohAb3+DSHSGx8carOSKJe8G0ayV5/i609OD0J2orCkuyae7SyZSz2aoLmQF2s0Pj5gITDebwPH7GFBlqOUQ1Q==",
      "engines": {
        "node": "*"
      }
    },
    "node_modules/opensearch": {
      "version": "0.0.3",
      "resolved": "https://registry.npmjs.org/opensearch/-/opensearch-0.0.3.tgz",
      "integrity": "sha512-1gKHvtzAOyXJn72QD9W3+DsKBp4YnfdpRX/Rhlnkb+c1VJvePWi0TckUfDa5TolaYC1NFbanqlvGh4osWvGozA==",
      "dependencies": {
        "debug": "0.7.4",
        "urllib": "0.5.4"
      }
    },
    "node_modules/urllib": {
      "version": "0.5.4",
      "resolved": "https://registry.npmjs.org/urllib/-/urllib-0.5.4.tgz",
      "integrity": "sha512-5BmIdwhtpW20SVcWHWBGsNitirVg947DOHtEEGlwhJM0SvMFTo3iPnctQb/0uP9eQxSlc6wW6msJVUQkQ6cBAg==",
      "dependencies": {
        "buffer-concat": "0.0.1",
        "debug": "0.7.2"
      },
      "engines": {
        "node": ">= 0.6.10"
      }
    },
    "node_modules/urllib/node_modules/debug": {
      "version": "0.7.2",
      "resolved": "https://registry.npmjs.org/debug/-/debug-0.7.2.tgz",
      "integrity": "sha512-Ch0X6QrHzrNiWwLsBJj9KgXL5IK67pfDyTsXXVPyrdObVyKuj/rPdCtZg761nHZM1GQ7wW/o9cAZf5JeTN/vRg==",
      "engines": {
        "node": "*"
      }
    }
  }
}
